
Microsoft Visual Studio Solution File, Format Version 12.00
# Visual Studio Version 17
VisualStudioVersion = 17.7.34024.191
MinimumVisualStudioVersion = 10.0.40219.1
Project("{8BC9CEB8-8B4A-11D0-8D11-00A0C91BC942}") = "fonksiyonlar", "fonksiyonlar\fonksiyonlar.vcxproj", "{B9846D3F-1F25-48D1-86A1-809E480AC60A}"
EndProject
Global
	GlobalSection(SolutionConfigurationPlatforms) = preSolution
		Debug|x64 = Debug|x64
		Debug|x86 = Debug|x86
		Release|x64 = Release|x64
		Release|x86 = Release|x86
	EndGlobalSection
	GlobalSection(ProjectConfigurationPlatforms) = postSolution
		{B9846D3F-1F25-48D1-86A1-809E480AC60A}.Debug|x64.ActiveCfg = Debug|x64
		{B9846D3F-1F25-48D1-86A1-809E480AC60A}.Debug|x64.Build.0 = Debug|x64
		{B9846D3F-1F25-48D1-86A1-809E480AC60A}.Debug|x86.ActiveCfg = Debug|Win32
		{B9846D3F-1F25-48D1-86A1-809E480AC60A}.Debug|x86.Build.0 = Debug|Win32
		{B9846D3F-1F25-48D1-86A1-809E480AC60A}.Release|x64.ActiveCfg = Release|x64
		{B9846D3F-1F25-48D1-86A1-809E480AC60A}.Release|x64.Build.0 = Release|x64
		{B9846D3F-1F25-48D1-86A1-809E480AC60A}.Release|x86.ActiveCfg = Release|Win32
		{B9846D3F-1F25-48D1-86A1-809E480AC60A}.Release|x86.Build.0 = Release|Win32
	EndGlobalSection
	GlobalSection(SolutionProperties) = preSolution
		HideSolutionNode = FALSE
	EndGlobalSection
	GlobalSection(ExtensibilityGlobals) = postSolution
		SolutionGuid = {F2E2ACE7-2F9A-4AFB-AFCA-313AD533F83E}
	EndGlobalSection
EndGlobal
